// !$*UTF8*$!
{
	archiveVersion = 1;
	classes = {
	};
	objectVersion = 56;
	objects = {

/* Begin PBXBuildFile section */
		690495B52CB80EA700E82BC9 /* BirthYearView.swift in Sources */ = {isa = PBXBuildFile; fileRef = 690495B42CB80E9F00E82BC9 /* BirthYearView.swift */; };
		690495B72CB80EAB00E82BC9 /* BirthYearViewModel.swift in Sources */ = {isa = PBXBuildFile; fileRef = 690495B62CB80EA900E82BC9 /* BirthYearViewModel.swift */; };
		690495B92CB8C7C200E82BC9 /* HeightView.swift in Sources */ = {isa = PBXBuildFile; fileRef = 690495B82CB8C7B900E82BC9 /* HeightView.swift */; };
		690495BB2CB989BB00E82BC9 /* HeightViewModel.swift in Sources */ = {isa = PBXBuildFile; fileRef = 690495BA2CB989B400E82BC9 /* HeightViewModel.swift */; };
		6920446F2D5A9A04001CFCD0 /* CoreData.framework in Frameworks */ = {isa = PBXBuildFile; fileRef = 6920446E2D5A9A04001CFCD0 /* CoreData.framework */; settings = {ATTRIBUTES = (Required, ); }; };
		692562CD2C92FB8D0002524D /* FitnessRoutineAppApp.swift in Sources */ = {isa = PBXBuildFile; fileRef = 692562CC2C92FB8D0002524D /* FitnessRoutineAppApp.swift */; };
		692562D12C92FB8E0002524D /* Assets.xcassets in Resources */ = {isa = PBXBuildFile; fileRef = 692562D02C92FB8E0002524D /* Assets.xcassets */; };
		692562D42C92FB8E0002524D /* Preview Assets.xcassets in Resources */ = {isa = PBXBuildFile; fileRef = 692562D32C92FB8E0002524D /* Preview Assets.xcassets */; };
		692562D62C92FB8E0002524D /* Persistence.swift in Sources */ = {isa = PBXBuildFile; fileRef = 692562D52C92FB8E0002524D /* Persistence.swift */; };
		692562E32C92FB8E0002524D /* FitnessRoutineAppTests.swift in Sources */ = {isa = PBXBuildFile; fileRef = 692562E22C92FB8E0002524D /* FitnessRoutineAppTests.swift */; };
		692562ED2C92FB8E0002524D /* FitnessRoutineAppUITests.swift in Sources */ = {isa = PBXBuildFile; fileRef = 692562EC2C92FB8E0002524D /* FitnessRoutineAppUITests.swift */; };
		692562EF2C92FB8E0002524D /* FitnessRoutineAppUITestsLaunchTests.swift in Sources */ = {isa = PBXBuildFile; fileRef = 692562EE2C92FB8E0002524D /* FitnessRoutineAppUITestsLaunchTests.swift */; };
		695D27492CC3506E00821610 /* WeightView.swift in Sources */ = {isa = PBXBuildFile; fileRef = 695D27482CC3506B00821610 /* WeightView.swift */; };
		695D274B2CC3507800821610 /* WeightViewModel.swift in Sources */ = {isa = PBXBuildFile; fileRef = 695D274A2CC3507400821610 /* WeightViewModel.swift */; };
		696BBAB12CCB1A270087724E /* TargetWeightView.swift in Sources */ = {isa = PBXBuildFile; fileRef = 696BBAB02CCB1A160087724E /* TargetWeightView.swift */; };
		696BBAB32CCB1A320087724E /* TargetWeightViewModel.swift in Sources */ = {isa = PBXBuildFile; fileRef = 696BBAB22CCB1A2D0087724E /* TargetWeightViewModel.swift */; };
		69969F572C9F6BE900682635 /* User.swift in Sources */ = {isa = PBXBuildFile; fileRef = 69969F562C9F6BE700682635 /* User.swift */; };
		69969F592C9F6C2800682635 /* LoginView.swift in Sources */ = {isa = PBXBuildFile; fileRef = 69969F582C9F6C1A00682635 /* LoginView.swift */; };
		69969F5B2C9F6C3100682635 /* LoginViewModel.swift in Sources */ = {isa = PBXBuildFile; fileRef = 69969F5A2C9F6C2A00682635 /* LoginViewModel.swift */; };
		69969F5D2CA09E3400682635 /* GenderSelecctionViewModel.swift in Sources */ = {isa = PBXBuildFile; fileRef = 69969F5C2CA09E2300682635 /* GenderSelecctionViewModel.swift */; };
		69969F5F2CA09E5700682635 /* GenderSelectionView.swift in Sources */ = {isa = PBXBuildFile; fileRef = 69969F5E2CA09E4800682635 /* GenderSelectionView.swift */; };
		69969F612CA17BE400682635 /* GoalView.swift in Sources */ = {isa = PBXBuildFile; fileRef = 69969F602CA17BDF00682635 /* GoalView.swift */; };
		69969F632CA17BEE00682635 /* GoalViewModel.swift in Sources */ = {isa = PBXBuildFile; fileRef = 69969F622CA17BE600682635 /* GoalViewModel.swift */; };
		69969F652CA2BC2800682635 /* UserManager.swift in Sources */ = {isa = PBXBuildFile; fileRef = 69969F642CA2BC1B00682635 /* UserManager.swift */; };
		69969F6B2CA35DA400682635 /* BodyCurrentView.swift in Sources */ = {isa = PBXBuildFile; fileRef = 69969F6A2CA35D7400682635 /* BodyCurrentView.swift */; };
		69969F6D2CA35DB100682635 /* BodyCurrentViewModel.swift in Sources */ = {isa = PBXBuildFile; fileRef = 69969F6C2CA35DA900682635 /* BodyCurrentViewModel.swift */; };
		69B752422CA734D800C0C126 /* ProgressViewModel.swift in Sources */ = {isa = PBXBuildFile; fileRef = 69B752412CA734CA00C0C126 /* ProgressViewModel.swift */; };
		69B752442CADB6FA00C0C126 /* ProgressBarView.swift in Sources */ = {isa = PBXBuildFile; fileRef = 69B752432CADB6E000C0C126 /* ProgressBarView.swift */; };
		69B752462CB4B59F00C0C126 /* DesiredBodyView.swift in Sources */ = {isa = PBXBuildFile; fileRef = 69B752452CB4B57C00C0C126 /* DesiredBodyView.swift */; };
		69B752482CB4B5B200C0C126 /* DesiredBodyViewModel.swift in Sources */ = {isa = PBXBuildFile; fileRef = 69B752472CB4B5A900C0C126 /* DesiredBodyViewModel.swift */; };
		69C6CC732CDC6FE60043B135 /* LevelActivityView.swift in Sources */ = {isa = PBXBuildFile; fileRef = 69C6CC722CDC6FDD0043B135 /* LevelActivityView.swift */; };
		69C6CC752CE065D00043B135 /* LevelActivityViewModel.swift in Sources */ = {isa = PBXBuildFile; fileRef = 69C6CC742CDC6FE90043B135 /* LevelActivityViewModel.swift */; };
		69C6CC772CEADD780043B135 /* WorkoutLevelView.swift in Sources */ = {isa = PBXBuildFile; fileRef = 69C6CC762CEADD690043B135 /* WorkoutLevelView.swift */; };
		69C6CC792CEADDB20043B135 /* WorkoutLevelViewModel.swift in Sources */ = {isa = PBXBuildFile; fileRef = 69C6CC782CEADD8D0043B135 /* WorkoutLevelViewModel.swift */; };
		69CDFF1D2D668007006199E9 /* GymEquipmentView.swift in Sources */ = {isa = PBXBuildFile; fileRef = 69CDFF1C2D667FF9006199E9 /* GymEquipmentView.swift */; };
		69CDFF1F2D668022006199E9 /* GymEquipmentViewModel.swift in Sources */ = {isa = PBXBuildFile; fileRef = 69CDFF1E2D66801F006199E9 /* GymEquipmentViewModel.swift */; };
		69CDFF222D6797AE006199E9 /* showInfo.swift in Sources */ = {isa = PBXBuildFile; fileRef = 69CDFF212D679153006199E9 /* showInfo.swift */; };
		69EB923F2DA96C38001121A2 /* ShowInfoViewModel.swift in Sources */ = {isa = PBXBuildFile; fileRef = 69EB923E2DA96C35001121A2 /* ShowInfoViewModel.swift */; };
		69EB92422DA9959B001121A2 /* SDWebImageSwiftUI in Frameworks */ = {isa = PBXBuildFile; productRef = 69EB92412DA9959B001121A2 /* SDWebImageSwiftUI */; };
		69EB92442DA99A10001121A2 /* loginBackground.gif in Resources */ = {isa = PBXBuildFile; fileRef = 69EB92432DA99A10001121A2 /* loginBackground.gif */; };
		69EB92482DAE67B9001121A2 /* NextButton.swift in Sources */ = {isa = PBXBuildFile; fileRef = 69EB92472DAE67B7001121A2 /* NextButton.swift */; };
		69EB924C2DAE8387001121A2 /* fase1.gif in Resources */ = {isa = PBXBuildFile; fileRef = 69EB924B2DAE8387001121A2 /* fase1.gif */; };
		69F834DF2D69318900C604B4 /* fase1View.swift in Sources */ = {isa = PBXBuildFile; fileRef = 69F834DE2D69317F00C604B4 /* fase1View.swift */; };
		69FAB4C22D3FFAE900147987 /* NewScreenView.swift in Sources */ = {isa = PBXBuildFile; fileRef = 69FAB4C12D3FFAE400147987 /* NewScreenView.swift */; };
		69FAB4C42D3FFB3000147987 /* NewScreenViewModel.swift in Sources */ = {isa = PBXBuildFile; fileRef = 69FAB4C32D3FFB2900147987 /* NewScreenViewModel.swift */; };
		69FDC18A2CD7E64D0075F0CA /* HowOfgtenView.swift in Sources */ = {isa = PBXBuildFile; fileRef = 69FDC1892CD7E6460075F0CA /* HowOfgtenView.swift */; };
		69FDC18C2CD7E65A0075F0CA /* HowOftenViewModel.swift in Sources */ = {isa = PBXBuildFile; fileRef = 69FDC18B2CD7E6520075F0CA /* HowOftenViewModel.swift */; };
/* End PBXBuildFile section */

/* Begin PBXContainerItemProxy section */
		692562DF2C92FB8E0002524D /* PBXContainerItemProxy */ = {
			isa = PBXContainerItemProxy;
			containerPortal = 692562C12C92FB8D0002524D /* Project object */;
			proxyType = 1;
			remoteGlobalIDString = 692562C82C92FB8D0002524D;
			remoteInfo = FitnessRoutineApp;
		};
		692562E92C92FB8E0002524D /* PBXContainerItemProxy */ = {
			isa = PBXContainerItemProxy;
			containerPortal = 692562C12C92FB8D0002524D /* Project object */;
			proxyType = 1;
			remoteGlobalIDString = 692562C82C92FB8D0002524D;
			remoteInfo = FitnessRoutineApp;
		};
/* End PBXContainerItemProxy section */

/* Begin PBXFileReference section */
		690495B42CB80E9F00E82BC9 /* BirthYearView.swift */ = {isa = PBXFileReference; lastKnownFileType = sourcecode.swift; path = BirthYearView.swift; sourceTree = "<group>"; };
		690495B62CB80EA900E82BC9 /* BirthYearViewModel.swift */ = {isa = PBXFileReference; lastKnownFileType = sourcecode.swift; path = BirthYearViewModel.swift; sourceTree = "<group>"; };
		690495B82CB8C7B900E82BC9 /* HeightView.swift */ = {isa = PBXFileReference; lastKnownFileType = sourcecode.swift; path = HeightView.swift; sourceTree = "<group>"; };
		690495BA2CB989B400E82BC9 /* HeightViewModel.swift */ = {isa = PBXFileReference; lastKnownFileType = sourcecode.swift; path = HeightViewModel.swift; sourceTree = "<group>"; };
		6920446E2D5A9A04001CFCD0 /* CoreData.framework */ = {isa = PBXFileReference; lastKnownFileType = wrapper.framework; name = CoreData.framework; path = System/Library/Frameworks/CoreData.framework; sourceTree = SDKROOT; };
		692562C92C92FB8D0002524D /* FitnessRoutineApp.app */ = {isa = PBXFileReference; explicitFileType = wrapper.application; includeInIndex = 0; path = FitnessRoutineApp.app; sourceTree = BUILT_PRODUCTS_DIR; };
		692562CC2C92FB8D0002524D /* FitnessRoutineAppApp.swift */ = {isa = PBXFileReference; lastKnownFileType = sourcecode.swift; path = FitnessRoutineAppApp.swift; sourceTree = "<group>"; };
		692562D02C92FB8E0002524D /* Assets.xcassets */ = {isa = PBXFileReference; lastKnownFileType = folder.assetcatalog; path = Assets.xcassets; sourceTree = "<group>"; };
		692562D32C92FB8E0002524D /* Preview Assets.xcassets */ = {isa = PBXFileReference; lastKnownFileType = folder.assetcatalog; path = "Preview Assets.xcassets"; sourceTree = "<group>"; };
		692562D52C92FB8E0002524D /* Persistence.swift */ = {isa = PBXFileReference; lastKnownFileType = sourcecode.swift; path = Persistence.swift; sourceTree = "<group>"; };
		692562DE2C92FB8E0002524D /* FitnessRoutineAppTests.xctest */ = {isa = PBXFileReference; explicitFileType = wrapper.cfbundle; includeInIndex = 0; path = FitnessRoutineAppTests.xctest; sourceTree = BUILT_PRODUCTS_DIR; };
		692562E22C92FB8E0002524D /* FitnessRoutineAppTests.swift */ = {isa = PBXFileReference; lastKnownFileType = sourcecode.swift; path = FitnessRoutineAppTests.swift; sourceTree = "<group>"; };
		692562E82C92FB8E0002524D /* FitnessRoutineAppUITests.xctest */ = {isa = PBXFileReference; explicitFileType = wrapper.cfbundle; includeInIndex = 0; path = FitnessRoutineAppUITests.xctest; sourceTree = BUILT_PRODUCTS_DIR; };
		692562EC2C92FB8E0002524D /* FitnessRoutineAppUITests.swift */ = {isa = PBXFileReference; lastKnownFileType = sourcecode.swift; path = FitnessRoutineAppUITests.swift; sourceTree = "<group>"; };
		692562EE2C92FB8E0002524D /* FitnessRoutineAppUITestsLaunchTests.swift */ = {isa = PBXFileReference; lastKnownFileType = sourcecode.swift; path = FitnessRoutineAppUITestsLaunchTests.swift; sourceTree = "<group>"; };
		694115242D5D001600D74C0D /* modelDataCore.xcdatamodel */ = {isa = PBXFileReference; lastKnownFileType = wrapper.xcdatamodel; path = modelDataCore.xcdatamodel; sourceTree = "<group>"; };
		695D27482CC3506B00821610 /* WeightView.swift */ = {isa = PBXFileReference; lastKnownFileType = sourcecode.swift; path = WeightView.swift; sourceTree = "<group>"; };
		695D274A2CC3507400821610 /* WeightViewModel.swift */ = {isa = PBXFileReference; lastKnownFileType = sourcecode.swift; path = WeightViewModel.swift; sourceTree = "<group>"; };
		696BBAB02CCB1A160087724E /* TargetWeightView.swift */ = {isa = PBXFileReference; lastKnownFileType = sourcecode.swift; path = TargetWeightView.swift; sourceTree = "<group>"; };
		696BBAB22CCB1A2D0087724E /* TargetWeightViewModel.swift */ = {isa = PBXFileReference; lastKnownFileType = sourcecode.swift; path = TargetWeightViewModel.swift; sourceTree = "<group>"; };
		69969F562C9F6BE700682635 /* User.swift */ = {isa = PBXFileReference; lastKnownFileType = sourcecode.swift; path = User.swift; sourceTree = "<group>"; };
		69969F582C9F6C1A00682635 /* LoginView.swift */ = {isa = PBXFileReference; lastKnownFileType = sourcecode.swift; path = LoginView.swift; sourceTree = "<group>"; };
		69969F5A2C9F6C2A00682635 /* LoginViewModel.swift */ = {isa = PBXFileReference; lastKnownFileType = sourcecode.swift; path = LoginViewModel.swift; sourceTree = "<group>"; };
		69969F5C2CA09E2300682635 /* GenderSelecctionViewModel.swift */ = {isa = PBXFileReference; lastKnownFileType = sourcecode.swift; path = GenderSelecctionViewModel.swift; sourceTree = "<group>"; };
		69969F5E2CA09E4800682635 /* GenderSelectionView.swift */ = {isa = PBXFileReference; lastKnownFileType = sourcecode.swift; path = GenderSelectionView.swift; sourceTree = "<group>"; };
		69969F602CA17BDF00682635 /* GoalView.swift */ = {isa = PBXFileReference; lastKnownFileType = sourcecode.swift; path = GoalView.swift; sourceTree = "<group>"; };
		69969F622CA17BE600682635 /* GoalViewModel.swift */ = {isa = PBXFileReference; lastKnownFileType = sourcecode.swift; path = GoalViewModel.swift; sourceTree = "<group>"; };
		69969F642CA2BC1B00682635 /* UserManager.swift */ = {isa = PBXFileReference; lastKnownFileType = sourcecode.swift; path = UserManager.swift; sourceTree = "<group>"; };
		69969F6A2CA35D7400682635 /* BodyCurrentView.swift */ = {isa = PBXFileReference; lastKnownFileType = sourcecode.swift; path = BodyCurrentView.swift; sourceTree = "<group>"; };
		69969F6C2CA35DA900682635 /* BodyCurrentViewModel.swift */ = {isa = PBXFileReference; lastKnownFileType = sourcecode.swift; path = BodyCurrentViewModel.swift; sourceTree = "<group>"; };
		69B752412CA734CA00C0C126 /* ProgressViewModel.swift */ = {isa = PBXFileReference; lastKnownFileType = sourcecode.swift; path = ProgressViewModel.swift; sourceTree = "<group>"; };
		69B752432CADB6E000C0C126 /* ProgressBarView.swift */ = {isa = PBXFileReference; lastKnownFileType = sourcecode.swift; path = ProgressBarView.swift; sourceTree = "<group>"; };
		69B752452CB4B57C00C0C126 /* DesiredBodyView.swift */ = {isa = PBXFileReference; lastKnownFileType = sourcecode.swift; path = DesiredBodyView.swift; sourceTree = "<group>"; };
		69B752472CB4B5A900C0C126 /* DesiredBodyViewModel.swift */ = {isa = PBXFileReference; lastKnownFileType = sourcecode.swift; path = DesiredBodyViewModel.swift; sourceTree = "<group>"; };
		69C6CC722CDC6FDD0043B135 /* LevelActivityView.swift */ = {isa = PBXFileReference; lastKnownFileType = sourcecode.swift; path = LevelActivityView.swift; sourceTree = "<group>"; };
		69C6CC742CDC6FE90043B135 /* LevelActivityViewModel.swift */ = {isa = PBXFileReference; lastKnownFileType = sourcecode.swift; path = LevelActivityViewModel.swift; sourceTree = "<group>"; };
		69C6CC762CEADD690043B135 /* WorkoutLevelView.swift */ = {isa = PBXFileReference; lastKnownFileType = sourcecode.swift; path = WorkoutLevelView.swift; sourceTree = "<group>"; };
		69C6CC782CEADD8D0043B135 /* WorkoutLevelViewModel.swift */ = {isa = PBXFileReference; lastKnownFileType = sourcecode.swift; path = WorkoutLevelViewModel.swift; sourceTree = "<group>"; };
		69CDFF1C2D667FF9006199E9 /* GymEquipmentView.swift */ = {isa = PBXFileReference; lastKnownFileType = sourcecode.swift; path = GymEquipmentView.swift; sourceTree = "<group>"; };
		69CDFF1E2D66801F006199E9 /* GymEquipmentViewModel.swift */ = {isa = PBXFileReference; lastKnownFileType = sourcecode.swift; path = GymEquipmentViewModel.swift; sourceTree = "<group>"; };
		69CDFF212D679153006199E9 /* showInfo.swift */ = {isa = PBXFileReference; lastKnownFileType = sourcecode.swift; path = showInfo.swift; sourceTree = "<group>"; };
		69EB923E2DA96C35001121A2 /* ShowInfoViewModel.swift */ = {isa = PBXFileReference; lastKnownFileType = sourcecode.swift; path = ShowInfoViewModel.swift; sourceTree = "<group>"; };
		69EB92432DA99A10001121A2 /* loginBackground.gif */ = {isa = PBXFileReference; lastKnownFileType = image.gif; path = loginBackground.gif; sourceTree = "<group>"; };
		69EB92472DAE67B7001121A2 /* NextButton.swift */ = {isa = PBXFileReference; lastKnownFileType = sourcecode.swift; path = NextButton.swift; sourceTree = "<group>"; };
		69EB924B2DAE8387001121A2 /* fase1.gif */ = {isa = PBXFileReference; lastKnownFileType = image.gif; path = fase1.gif; sourceTree = "<group>"; };
		69F834DE2D69317F00C604B4 /* fase1View.swift */ = {isa = PBXFileReference; lastKnownFileType = sourcecode.swift; path = fase1View.swift; sourceTree = "<group>"; };
		69FAB4C12D3FFAE400147987 /* NewScreenView.swift */ = {isa = PBXFileReference; lastKnownFileType = sourcecode.swift; path = NewScreenView.swift; sourceTree = "<group>"; };
		69FAB4C32D3FFB2900147987 /* NewScreenViewModel.swift */ = {isa = PBXFileReference; lastKnownFileType = sourcecode.swift; path = NewScreenViewModel.swift; sourceTree = "<group>"; };
		69FDC1892CD7E6460075F0CA /* HowOfgtenView.swift */ = {isa = PBXFileReference; lastKnownFileType = sourcecode.swift; path = HowOfgtenView.swift; sourceTree = "<group>"; };
		69FDC18B2CD7E6520075F0CA /* HowOftenViewModel.swift */ = {isa = PBXFileReference; lastKnownFileType = sourcecode.swift; path = HowOftenViewModel.swift; sourceTree = "<group>"; };
/* End PBXFileReference section */

/* Begin PBXFrameworksBuildPhase section */
		692562C62C92FB8D0002524D /* Frameworks */ = {
			isa = PBXFrameworksBuildPhase;
			buildActionMask = 2147483647;
			files = (
				69EB92422DA9959B001121A2 /* SDWebImageSwiftUI in Frameworks */,
				6920446F2D5A9A04001CFCD0 /* CoreData.framework in Frameworks */,
			);
			runOnlyForDeploymentPostprocessing = 0;
		};
		692562DB2C92FB8E0002524D /* Frameworks */ = {
			isa = PBXFrameworksBuildPhase;
			buildActionMask = 2147483647;
			files = (
			);
			runOnlyForDeploymentPostprocessing = 0;
		};
		692562E52C92FB8E0002524D /* Frameworks */ = {
			isa = PBXFrameworksBuildPhase;
			buildActionMask = 2147483647;
			files = (
			);
			runOnlyForDeploymentPostprocessing = 0;
		};
/* End PBXFrameworksBuildPhase section */

/* Begin PBXGroup section */
		6920446D2D5A9A04001CFCD0 /* Frameworks */ = {
			isa = PBXGroup;
			children = (
				6920446E2D5A9A04001CFCD0 /* CoreData.framework */,
			);
			name = Frameworks;
			sourceTree = "<group>";
		};
		692562C02C92FB8D0002524D = {
			isa = PBXGroup;
			children = (
				694115232D5D001600D74C0D /* modelDataCore.xcdatamodeld */,
				692562CB2C92FB8D0002524D /* FitnessRoutineApp */,
				692562E12C92FB8E0002524D /* FitnessRoutineAppTests */,
				692562EB2C92FB8E0002524D /* FitnessRoutineAppUITests */,
				6920446D2D5A9A04001CFCD0 /* Frameworks */,
				692562CA2C92FB8D0002524D /* Products */,
			);
			sourceTree = "<group>";
		};
		692562CA2C92FB8D0002524D /* Products */ = {
			isa = PBXGroup;
			children = (
				692562C92C92FB8D0002524D /* FitnessRoutineApp.app */,
				692562DE2C92FB8E0002524D /* FitnessRoutineAppTests.xctest */,
				692562E82C92FB8E0002524D /* FitnessRoutineAppUITests.xctest */,
			);
			name = Products;
			sourceTree = "<group>";
		};
		692562CB2C92FB8D0002524D /* FitnessRoutineApp */ = {
			isa = PBXGroup;
			children = (
				693B07E32C9614AB00722E48 /* ViewModel */,
				693B07E22C9614A400722E48 /* Views */,
				693B07E12C96149000722E48 /* Models */,
				692562CC2C92FB8D0002524D /* FitnessRoutineAppApp.swift */,
				692562D02C92FB8E0002524D /* Assets.xcassets */,
				692562D52C92FB8E0002524D /* Persistence.swift */,
				692562D22C92FB8E0002524D /* Preview Content */,
			);
			path = FitnessRoutineApp;
			sourceTree = "<group>";
		};
		692562D22C92FB8E0002524D /* Preview Content */ = {
			isa = PBXGroup;
			children = (
				692562D32C92FB8E0002524D /* Preview Assets.xcassets */,
			);
			path = "Preview Content";
			sourceTree = "<group>";
		};
		692562E12C92FB8E0002524D /* FitnessRoutineAppTests */ = {
			isa = PBXGroup;
			children = (
				692562E22C92FB8E0002524D /* FitnessRoutineAppTests.swift */,
			);
			path = FitnessRoutineAppTests;
			sourceTree = "<group>";
		};
		692562EB2C92FB8E0002524D /* FitnessRoutineAppUITests */ = {
			isa = PBXGroup;
			children = (
				692562EC2C92FB8E0002524D /* FitnessRoutineAppUITests.swift */,
				692562EE2C92FB8E0002524D /* FitnessRoutineAppUITestsLaunchTests.swift */,
			);
			path = FitnessRoutineAppUITests;
			sourceTree = "<group>";
		};
		693B07E12C96149000722E48 /* Models */ = {
			isa = PBXGroup;
			children = (
				69969F562C9F6BE700682635 /* User.swift */,
				69969F642CA2BC1B00682635 /* UserManager.swift */,
			);
			path = Models;
			sourceTree = "<group>";
		};
		693B07E22C9614A400722E48 /* Views */ = {
			isa = PBXGroup;
			children = (
				69F834DE2D69317F00C604B4 /* fase1View.swift */,
				69B752432CADB6E000C0C126 /* ProgressBarView.swift */,
				69969F582C9F6C1A00682635 /* LoginView.swift */,
				69969F5E2CA09E4800682635 /* GenderSelectionView.swift */,
				69969F602CA17BDF00682635 /* GoalView.swift */,
				69969F6A2CA35D7400682635 /* BodyCurrentView.swift */,
				69B752452CB4B57C00C0C126 /* DesiredBodyView.swift */,
				690495B42CB80E9F00E82BC9 /* BirthYearView.swift */,
				690495B82CB8C7B900E82BC9 /* HeightView.swift */,
				695D27482CC3506B00821610 /* WeightView.swift */,
				696BBAB02CCB1A160087724E /* TargetWeightView.swift */,
				69FDC1892CD7E6460075F0CA /* HowOfgtenView.swift */,
				69C6CC722CDC6FDD0043B135 /* LevelActivityView.swift */,
				69C6CC762CEADD690043B135 /* WorkoutLevelView.swift */,
				69FAB4C12D3FFAE400147987 /* NewScreenView.swift */,
				69EB924B2DAE8387001121A2 /* fase1.gif */,
				69EB92432DA99A10001121A2 /* loginBackground.gif */,
				69CDFF202D679149006199E9 /* gymFlow */,
				69CDFF1B2D667FDF006199E9 /* HomeFlow */,
			);
			path = Views;
			sourceTree = "<group>";
		};
		693B07E32C9614AB00722E48 /* ViewModel */ = {
			isa = PBXGroup;
			children = (
				69EB923E2DA96C35001121A2 /* ShowInfoViewModel.swift */,
				69CDFF1E2D66801F006199E9 /* GymEquipmentViewModel.swift */,
				69FAB4C32D3FFB2900147987 /* NewScreenViewModel.swift */,
				69C6CC782CEADD8D0043B135 /* WorkoutLevelViewModel.swift */,
				69C6CC742CDC6FE90043B135 /* LevelActivityViewModel.swift */,
				69FDC18B2CD7E6520075F0CA /* HowOftenViewModel.swift */,
				696BBAB22CCB1A2D0087724E /* TargetWeightViewModel.swift */,
				695D274A2CC3507400821610 /* WeightViewModel.swift */,
				690495BA2CB989B400E82BC9 /* HeightViewModel.swift */,
				690495B62CB80EA900E82BC9 /* BirthYearViewModel.swift */,
				69B752472CB4B5A900C0C126 /* DesiredBodyViewModel.swift */,
				69969F6C2CA35DA900682635 /* BodyCurrentViewModel.swift */,
				69969F622CA17BE600682635 /* GoalViewModel.swift */,
				69969F5C2CA09E2300682635 /* GenderSelecctionViewModel.swift */,
				69969F5A2C9F6C2A00682635 /* LoginViewModel.swift */,
				69B752412CA734CA00C0C126 /* ProgressViewModel.swift */,
				69EB92472DAE67B7001121A2 /* NextButton.swift */,
			);
			path = ViewModel;
			sourceTree = "<group>";
		};
		69CDFF1B2D667FDF006199E9 /* HomeFlow */ = {
			isa = PBXGroup;
			children = (
				69CDFF1C2D667FF9006199E9 /* GymEquipmentView.swift */,
			);
			path = HomeFlow;
			sourceTree = "<group>";
		};
		69CDFF202D679149006199E9 /* gymFlow */ = {
			isa = PBXGroup;
			children = (
				69CDFF212D679153006199E9 /* showInfo.swift */,
			);
			path = gymFlow;
			sourceTree = "<group>";
		};
/* End PBXGroup section */

/* Begin PBXNativeTarget section */
		692562C82C92FB8D0002524D /* FitnessRoutineApp */ = {
			isa = PBXNativeTarget;
			buildConfigurationList = 692562F22C92FB8E0002524D /* Build configuration list for PBXNativeTarget "FitnessRoutineApp" */;
			buildPhases = (
				692562C52C92FB8D0002524D /* Sources */,
				692562C62C92FB8D0002524D /* Frameworks */,
				692562C72C92FB8D0002524D /* Resources */,
			);
			buildRules = (
			);
			dependencies = (
			);
			name = FitnessRoutineApp;
			productName = FitnessRoutineApp;
			productReference = 692562C92C92FB8D0002524D /* FitnessRoutineApp.app */;
			productType = "com.apple.product-type.application";
		};
		692562DD2C92FB8E0002524D /* FitnessRoutineAppTests */ = {
			isa = PBXNativeTarget;
			buildConfigurationList = 692562F52C92FB8E0002524D /* Build configuration list for PBXNativeTarget "FitnessRoutineAppTests" */;
			buildPhases = (
				692562DA2C92FB8E0002524D /* Sources */,
				692562DB2C92FB8E0002524D /* Frameworks */,
				692562DC2C92FB8E0002524D /* Resources */,
			);
			buildRules = (
			);
			dependencies = (
				692562E02C92FB8E0002524D /* PBXTargetDependency */,
			);
			name = FitnessRoutineAppTests;
			productName = FitnessRoutineAppTests;
			productReference = 692562DE2C92FB8E0002524D /* FitnessRoutineAppTests.xctest */;
			productType = "com.apple.product-type.bundle.unit-test";
		};
		692562E72C92FB8E0002524D /* FitnessRoutineAppUITests */ = {
			isa = PBXNativeTarget;
			buildConfigurationList = 692562F82C92FB8E0002524D /* Build configuration list for PBXNativeTarget "FitnessRoutineAppUITests" */;
			buildPhases = (
				692562E42C92FB8E0002524D /* Sources */,
				692562E52C92FB8E0002524D /* Frameworks */,
				692562E62C92FB8E0002524D /* Resources */,
			);
			buildRules = (
			);
			dependencies = (
				692562EA2C92FB8E0002524D /* PBXTargetDependency */,
			);
			name = FitnessRoutineAppUITests;
			productName = FitnessRoutineAppUITests;
			productReference = 692562E82C92FB8E0002524D /* FitnessRoutineAppUITests.xctest */;
			productType = "com.apple.product-type.bundle.ui-testing";
		};
/* End PBXNativeTarget section */

/* Begin PBXProject section */
		692562C12C92FB8D0002524D /* Project object */ = {
			isa = PBXProject;
			attributes = {
				BuildIndependentTargetsInParallel = 1;
				LastSwiftUpdateCheck = 1540;
				LastUpgradeCheck = 1540;
				TargetAttributes = {
					692562C82C92FB8D0002524D = {
						CreatedOnToolsVersion = 15.4;
					};
					692562DD2C92FB8E0002524D = {
						CreatedOnToolsVersion = 15.4;
					};
					692562E72C92FB8E0002524D = {
						CreatedOnToolsVersion = 15.4;
						TestTargetID = 692562C82C92FB8D0002524D;
					};
				};
			};
			buildConfigurationList = 692562C42C92FB8D0002524D /* Build configuration list for PBXProject "FitnessRoutineApp" */;
			compatibilityVersion = "Xcode 14.0";
			developmentRegion = en;
			hasScannedForEncodings = 0;
			knownRegions = (
				en,
				Base,
			);
			mainGroup = 692562C02C92FB8D0002524D;
			packageReferences = (
				69EB92402DA9959B001121A2 /* XCRemoteSwiftPackageReference "SDWebImageSwiftUI" */,
			);
			productRefGroup = 692562CA2C92FB8D0002524D /* Products */;
			projectDirPath = "";
			projectRoot = "";
			targets = (
				692562C82C92FB8D0002524D /* FitnessRoutineApp */,
				692562DD2C92FB8E0002524D /* FitnessRoutineAppTests */,
				692562E72C92FB8E0002524D /* FitnessRoutineAppUITests */,
			);
		};
/* End PBXProject section */

/* Begin PBXResourcesBuildPhase section */
		692562C72C92FB8D0002524D /* Resources */ = {
			isa = PBXResourcesBuildPhase;
			buildActionMask = 2147483647;
			files = (
				69EB92442DA99A10001121A2 /* loginBackground.gif in Resources */,
				69EB924C2DAE8387001121A2 /* fase1.gif in Resources */,
				692562D42C92FB8E0002524D /* Preview Assets.xcassets in Resources */,
				692562D12C92FB8E0002524D /* Assets.xcassets in Resources */,
			);
			runOnlyForDeploymentPostprocessing = 0;
		};
		692562DC2C92FB8E0002524D /* Resources */ = {
			isa = PBXResourcesBuildPhase;
			buildActionMask = 2147483647;
			files = (
			);
			runOnlyForDeploymentPostprocessing = 0;
		};
		692562E62C92FB8E0002524D /* Resources */ = {
			isa = PBXResourcesBuildPhase;
			buildActionMask = 2147483647;
			files = (
			);
			runOnlyForDeploymentPostprocessing = 0;
		};
/* End PBXResourcesBuildPhase section */

/* Begin PBXSourcesBuildPhase section */
		692562C52C92FB8D0002524D /* Sources */ = {
			isa = PBXSourcesBuildPhase;
			buildActionMask = 2147483647;
			files = (
				69EB92482DAE67B9001121A2 /* NextButton.swift in Sources */,
				69FDC18C2CD7E65A0075F0CA /* HowOftenViewModel.swift in Sources */,
				695D27492CC3506E00821610 /* WeightView.swift in Sources */,
				69C6CC732CDC6FE60043B135 /* LevelActivityView.swift in Sources */,
				69C6CC792CEADDB20043B135 /* WorkoutLevelViewModel.swift in Sources */,
				690495B52CB80EA700E82BC9 /* BirthYearView.swift in Sources */,
				69F834DF2D69318900C604B4 /* fase1View.swift in Sources */,
				690495B92CB8C7C200E82BC9 /* HeightView.swift in Sources */,
				69969F5F2CA09E5700682635 /* GenderSelectionView.swift in Sources */,
				69B752462CB4B59F00C0C126 /* DesiredBodyView.swift in Sources */,
				690495B72CB80EAB00E82BC9 /* BirthYearViewModel.swift in Sources */,
				69969F5D2CA09E3400682635 /* GenderSelecctionViewModel.swift in Sources */,
				69969F612CA17BE400682635 /* GoalView.swift in Sources */,
				69969F632CA17BEE00682635 /* GoalViewModel.swift in Sources */,
				69969F5B2C9F6C3100682635 /* LoginViewModel.swift in Sources */,
				695D274B2CC3507800821610 /* WeightViewModel.swift in Sources */,
				69C6CC772CEADD780043B135 /* WorkoutLevelView.swift in Sources */,
				69B752482CB4B5B200C0C126 /* DesiredBodyViewModel.swift in Sources */,
				69B752442CADB6FA00C0C126 /* ProgressBarView.swift in Sources */,
				69969F652CA2BC2800682635 /* UserManager.swift in Sources */,
				69FAB4C22D3FFAE900147987 /* NewScreenView.swift in Sources */,
				69FDC18A2CD7E64D0075F0CA /* HowOfgtenView.swift in Sources */,
				690495BB2CB989BB00E82BC9 /* HeightViewModel.swift in Sources */,
				69969F592C9F6C2800682635 /* LoginView.swift in Sources */,
				69FAB4C42D3FFB3000147987 /* NewScreenViewModel.swift in Sources */,
				692562D62C92FB8E0002524D /* Persistence.swift in Sources */,
				69B752422CA734D800C0C126 /* ProgressViewModel.swift in Sources */,
				69EB923F2DA96C38001121A2 /* ShowInfoViewModel.swift in Sources */,
				69CDFF1F2D668022006199E9 /* GymEquipmentViewModel.swift in Sources */,
				69969F572C9F6BE900682635 /* User.swift in Sources */,
				696BBAB12CCB1A270087724E /* TargetWeightView.swift in Sources */,
				69CDFF1D2D668007006199E9 /* GymEquipmentView.swift in Sources */,
				69CDFF222D6797AE006199E9 /* showInfo.swift in Sources */,
				69969F6D2CA35DB100682635 /* BodyCurrentViewModel.swift in Sources */,
				69969F6B2CA35DA400682635 /* BodyCurrentView.swift in Sources */,
				69C6CC752CE065D00043B135 /* LevelActivityViewModel.swift in Sources */,
				692562CD2C92FB8D0002524D /* FitnessRoutineAppApp.swift in Sources */,
				696BBAB32CCB1A320087724E /* TargetWeightViewModel.swift in Sources */,
			);
			runOnlyForDeploymentPostprocessing = 0;
		};
		692562DA2C92FB8E0002524D /* Sources */ = {
			isa = PBXSourcesBuildPhase;
			buildActionMask = 2147483647;
			files = (
				692562E32C92FB8E0002524D /* FitnessRoutineAppTests.swift in Sources */,
			);
			runOnlyForDeploymentPostprocessing = 0;
		};
		692562E42C92FB8E0002524D /* Sources */ = {
			isa = PBXSourcesBuildPhase;
			buildActionMask = 2147483647;
			files = (
				692562EF2C92FB8E0002524D /* FitnessRoutineAppUITestsLaunchTests.swift in Sources */,
				692562ED2C92FB8E0002524D /* FitnessRoutineAppUITests.swift in Sources */,
			);
			runOnlyForDeploymentPostprocessing = 0;
		};
/* End PBXSourcesBuildPhase section */

/* Begin PBXTargetDependency section */
		692562E02C92FB8E0002524D /* PBXTargetDependency */ = {
			isa = PBXTargetDependency;
			target = 692562C82C92FB8D0002524D /* FitnessRoutineApp */;
			targetProxy = 692562DF2C92FB8E0002524D /* PBXContainerItemProxy */;
		};
		692562EA2C92FB8E0002524D /* PBXTargetDependency */ = {
			isa = PBXTargetDependency;
			target = 692562C82C92FB8D0002524D /* FitnessRoutineApp */;
			targetProxy = 692562E92C92FB8E0002524D /* PBXContainerItemProxy */;
		};
/* End PBXTargetDependency section */

/* Begin XCBuildConfiguration section */
		692562F02C92FB8E0002524D /* Debug */ = {
			isa = XCBuildConfiguration;
			buildSettings = {
				ALWAYS_SEARCH_USER_PATHS = NO;
				ASSETCATALOG_COMPILER_GENERATE_SWIFT_ASSET_SYMBOL_EXTENSIONS = YES;
				CLANG_ANALYZER_NONNULL = YES;
				CLANG_ANALYZER_NUMBER_OBJECT_CONVERSION = YES_AGGRESSIVE;
				CLANG_CXX_LANGUAGE_STANDARD = "gnu++20";
				CLANG_ENABLE_MODULES = YES;
				CLANG_ENABLE_OBJC_ARC = YES;
				CLANG_ENABLE_OBJC_WEAK = YES;
				CLANG_WARN_BLOCK_CAPTURE_AUTORELEASING = YES;
				CLANG_WARN_BOOL_CONVERSION = YES;
				CLANG_WARN_COMMA = YES;
				CLANG_WARN_CONSTANT_CONVERSION = YES;
				CLANG_WARN_DEPRECATED_OBJC_IMPLEMENTATIONS = YES;
				CLANG_WARN_DIRECT_OBJC_ISA_USAGE = YES_ERROR;
				CLANG_WARN_DOCUMENTATION_COMMENTS = YES;
				CLANG_WARN_EMPTY_BODY = YES;
				CLANG_WARN_ENUM_CONVERSION = YES;
				CLANG_WARN_INFINITE_RECURSION = YES;
				CLANG_WARN_INT_CONVERSION = YES;
				CLANG_WARN_NON_LITERAL_NULL_CONVERSION = YES;
				CLANG_WARN_OBJC_IMPLICIT_RETAIN_SELF = YES;
				CLANG_WARN_OBJC_LITERAL_CONVERSION = YES;
				CLANG_WARN_OBJC_ROOT_CLASS = YES_ERROR;
				CLANG_WARN_QUOTED_INCLUDE_IN_FRAMEWORK_HEADER = YES;
				CLANG_WARN_RANGE_LOOP_ANALYSIS = YES;
				CLANG_WARN_STRICT_PROTOTYPES = YES;
				CLANG_WARN_SUSPICIOUS_MOVE = YES;
				CLANG_WARN_UNGUARDED_AVAILABILITY = YES_AGGRESSIVE;
				CLANG_WARN_UNREACHABLE_CODE = YES;
				CLANG_WARN__DUPLICATE_METHOD_MATCH = YES;
				COPY_PHASE_STRIP = NO;
				DEBUG_INFORMATION_FORMAT = dwarf;
				ENABLE_STRICT_OBJC_MSGSEND = YES;
				ENABLE_TESTABILITY = YES;
				ENABLE_USER_SCRIPT_SANDBOXING = YES;
				GCC_C_LANGUAGE_STANDARD = gnu17;
				GCC_DYNAMIC_NO_PIC = NO;
				GCC_NO_COMMON_BLOCKS = YES;
				GCC_OPTIMIZATION_LEVEL = 0;
				GCC_PREPROCESSOR_DEFINITIONS = (
					"DEBUG=1",
					"$(inherited)",
				);
				GCC_WARN_64_TO_32_BIT_CONVERSION = YES;
				GCC_WARN_ABOUT_RETURN_TYPE = YES_ERROR;
				GCC_WARN_UNDECLARED_SELECTOR = YES;
				GCC_WARN_UNINITIALIZED_AUTOS = YES_AGGRESSIVE;
				GCC_WARN_UNUSED_FUNCTION = YES;
				GCC_WARN_UNUSED_VARIABLE = YES;
				IPHONEOS_DEPLOYMENT_TARGET = 17.5;
				LOCALIZATION_PREFERS_STRING_CATALOGS = YES;
				MTL_ENABLE_DEBUG_INFO = INCLUDE_SOURCE;
				MTL_FAST_MATH = YES;
				ONLY_ACTIVE_ARCH = YES;
				SDKROOT = iphoneos;
				SWIFT_ACTIVE_COMPILATION_CONDITIONS = "DEBUG $(inherited)";
				SWIFT_OPTIMIZATION_LEVEL = "-Onone";
			};
			name = Debug;
		};
		692562F12C92FB8E0002524D /* Release */ = {
			isa = XCBuildConfiguration;
			buildSettings = {
				ALWAYS_SEARCH_USER_PATHS = NO;
				ASSETCATALOG_COMPILER_GENERATE_SWIFT_ASSET_SYMBOL_EXTENSIONS = YES;
				CLANG_ANALYZER_NONNULL = YES;
				CLANG_ANALYZER_NUMBER_OBJECT_CONVERSION = YES_AGGRESSIVE;
				CLANG_CXX_LANGUAGE_STANDARD = "gnu++20";
				CLANG_ENABLE_MODULES = YES;
				CLANG_ENABLE_OBJC_ARC = YES;
				CLANG_ENABLE_OBJC_WEAK = YES;
				CLANG_WARN_BLOCK_CAPTURE_AUTORELEASING = YES;
				CLANG_WARN_BOOL_CONVERSION = YES;
				CLANG_WARN_COMMA = YES;
				CLANG_WARN_CONSTANT_CONVERSION = YES;
				CLANG_WARN_DEPRECATED_OBJC_IMPLEMENTATIONS = YES;
				CLANG_WARN_DIRECT_OBJC_ISA_USAGE = YES_ERROR;
				CLANG_WARN_DOCUMENTATION_COMMENTS = YES;
				CLANG_WARN_EMPTY_BODY = YES;
				CLANG_WARN_ENUM_CONVERSION = YES;
				CLANG_WARN_INFINITE_RECURSION = YES;
				CLANG_WARN_INT_CONVERSION = YES;
				CLANG_WARN_NON_LITERAL_NULL_CONVERSION = YES;
				CLANG_WARN_OBJC_IMPLICIT_RETAIN_SELF = YES;
				CLANG_WARN_OBJC_LITERAL_CONVERSION = YES;
				CLANG_WARN_OBJC_ROOT_CLASS = YES_ERROR;
				CLANG_WARN_QUOTED_INCLUDE_IN_FRAMEWORK_HEADER = YES;
				CLANG_WARN_RANGE_LOOP_ANALYSIS = YES;
				CLANG_WARN_STRICT_PROTOTYPES = YES;
				CLANG_WARN_SUSPICIOUS_MOVE = YES;
				CLANG_WARN_UNGUARDED_AVAILABILITY = YES_AGGRESSIVE;
				CLANG_WARN_UNREACHABLE_CODE = YES;
				CLANG_WARN__DUPLICATE_METHOD_MATCH = YES;
				COPY_PHASE_STRIP = NO;
				DEBUG_INFORMATION_FORMAT = "dwarf-with-dsym";
				ENABLE_NS_ASSERTIONS = NO;
				ENABLE_STRICT_OBJC_MSGSEND = YES;
				ENABLE_USER_SCRIPT_SANDBOXING = YES;
				GCC_C_LANGUAGE_STANDARD = gnu17;
				GCC_NO_COMMON_BLOCKS = YES;
				GCC_WARN_64_TO_32_BIT_CONVERSION = YES;
				GCC_WARN_ABOUT_RETURN_TYPE = YES_ERROR;
				GCC_WARN_UNDECLARED_SELECTOR = YES;
				GCC_WARN_UNINITIALIZED_AUTOS = YES_AGGRESSIVE;
				GCC_WARN_UNUSED_FUNCTION = YES;
				GCC_WARN_UNUSED_VARIABLE = YES;
				IPHONEOS_DEPLOYMENT_TARGET = 17.5;
				LOCALIZATION_PREFERS_STRING_CATALOGS = YES;
				MTL_ENABLE_DEBUG_INFO = NO;
				MTL_FAST_MATH = YES;
				SDKROOT = iphoneos;
				SWIFT_COMPILATION_MODE = wholemodule;
				VALIDATE_PRODUCT = YES;
			};
			name = Release;
		};
		692562F32C92FB8E0002524D /* Debug */ = {
			isa = XCBuildConfiguration;
			buildSettings = {
				ASSETCATALOG_COMPILER_APPICON_NAME = AppIcon;
				ASSETCATALOG_COMPILER_GLOBAL_ACCENT_COLOR_NAME = AccentColor;
				CODE_SIGN_STYLE = Automatic;
				CURRENT_PROJECT_VERSION = 1;
				DEVELOPMENT_ASSET_PATHS = "\"FitnessRoutineApp/Preview Content\"";
				DEVELOPMENT_TEAM = N72WWK779U;
				ENABLE_PREVIEWS = YES;
				GENERATE_INFOPLIST_FILE = YES;
				INFOPLIST_KEY_UIApplicationSceneManifest_Generation = YES;
				INFOPLIST_KEY_UIApplicationSupportsIndirectInputEvents = YES;
				INFOPLIST_KEY_UILaunchScreen_Generation = YES;
				INFOPLIST_KEY_UISupportedInterfaceOrientations_iPad = "UIInterfaceOrientationPortrait UIInterfaceOrientationPortraitUpsideDown UIInterfaceOrientationLandscapeLeft UIInterfaceOrientationLandscapeRight";
				INFOPLIST_KEY_UISupportedInterfaceOrientations_iPhone = "UIInterfaceOrientationPortrait UIInterfaceOrientationLandscapeLeft UIInterfaceOrientationLandscapeRight";
				LD_RUNPATH_SEARCH_PATHS = (
					"$(inherited)",
					"@executable_path/Frameworks",
				);
				MARKETING_VERSION = 1.0;
				PRODUCT_BUNDLE_IDENTIFIER = com.example.FitnessRoutineApp;
				PRODUCT_NAME = "$(TARGET_NAME)";
				SWIFT_EMIT_LOC_STRINGS = YES;
				SWIFT_VERSION = 5.0;
				TARGETED_DEVICE_FAMILY = "1,2";
			};
			name = Debug;
		};
		692562F42C92FB8E0002524D /* Release */ = {
			isa = XCBuildConfiguration;
			buildSettings = {
				ASSETCATALOG_COMPILER_APPICON_NAME = AppIcon;
				ASSETCATALOG_COMPILER_GLOBAL_ACCENT_COLOR_NAME = AccentColor;
				CODE_SIGN_STYLE = Automatic;
				CURRENT_PROJECT_VERSION = 1;
				DEVELOPMENT_ASSET_PATHS = "\"FitnessRoutineApp/Preview Content\"";
				DEVELOPMENT_TEAM = N72WWK779U;
				ENABLE_PREVIEWS = YES;
				GENERATE_INFOPLIST_FILE = YES;
				INFOPLIST_KEY_UIApplicationSceneManifest_Generation = YES;
				INFOPLIST_KEY_UIApplicationSupportsIndirectInputEvents = YES;
				INFOPLIST_KEY_UILaunchScreen_Generation = YES;
				INFOPLIST_KEY_UISupportedInterfaceOrientations_iPad = "UIInterfaceOrientationPortrait UIInterfaceOrientationPortraitUpsideDown UIInterfaceOrientationLandscapeLeft UIInterfaceOrientationLandscapeRight";
				INFOPLIST_KEY_UISupportedInterfaceOrientations_iPhone = "UIInterfaceOrientationPortrait UIInterfaceOrientationLandscapeLeft UIInterfaceOrientationLandscapeRight";
				LD_RUNPATH_SEARCH_PATHS = (
					"$(inherited)",
					"@executable_path/Frameworks",
				);
				MARKETING_VERSION = 1.0;
				PRODUCT_BUNDLE_IDENTIFIER = com.example.FitnessRoutineApp;
				PRODUCT_NAME = "$(TARGET_NAME)";
				SWIFT_EMIT_LOC_STRINGS = YES;
				SWIFT_VERSION = 5.0;
				TARGETED_DEVICE_FAMILY = "1,2";
			};
			name = Release;
		};
		692562F62C92FB8E0002524D /* Debug */ = {
			isa = XCBuildConfiguration;
			buildSettings = {
				ALWAYS_EMBED_SWIFT_STANDARD_LIBRARIES = YES;
				CODE_SIGN_STYLE = Automatic;
				CURRENT_PROJECT_VERSION = 1;
				DEVELOPMENT_TEAM = N72WWK779U;
				GENERATE_INFOPLIST_FILE = YES;
				IPHONEOS_DEPLOYMENT_TARGET = 17.5;
				MARKETING_VERSION = 1.0;
				PRODUCT_BUNDLE_IDENTIFIER = com.example.FitnessRoutineAppTests;
				PRODUCT_NAME = "$(TARGET_NAME)";
				SWIFT_EMIT_LOC_STRINGS = NO;
				SWIFT_VERSION = 5.0;
				TARGETED_DEVICE_FAMILY = "1,2";
			};
			name = Debug;
		};
		692562F72C92FB8E0002524D /* Release */ = {
			isa = XCBuildConfiguration;
			buildSettings = {
				ALWAYS_EMBED_SWIFT_STANDARD_LIBRARIES = YES;
				CODE_SIGN_STYLE = Automatic;
				CURRENT_PROJECT_VERSION = 1;
				DEVELOPMENT_TEAM = N72WWK779U;
				GENERATE_INFOPLIST_FILE = YES;
				IPHONEOS_DEPLOYMENT_TARGET = 17.5;
				MARKETING_VERSION = 1.0;
				PRODUCT_BUNDLE_IDENTIFIER = com.example.FitnessRoutineAppTests;
				PRODUCT_NAME = "$(TARGET_NAME)";
				SWIFT_EMIT_LOC_STRINGS = NO;
				SWIFT_VERSION = 5.0;
				TARGETED_DEVICE_FAMILY = "1,2";
			};
			name = Release;
		};
		692562F92C92FB8E0002524D /* Debug */ = {
			isa = XCBuildConfiguration;
			buildSettings = {
				ALWAYS_EMBED_SWIFT_STANDARD_LIBRARIES = YES;
				CODE_SIGN_STYLE = Automatic;
				CURRENT_PROJECT_VERSION = 1;
				DEVELOPMENT_TEAM = N72WWK779U;
				GENERATE_INFOPLIST_FILE = YES;
				MARKETING_VERSION = 1.0;
				PRODUCT_BUNDLE_IDENTIFIER = com.example.FitnessRoutineAppUITests;
				PRODUCT_NAME = "$(TARGET_NAME)";
				SWIFT_EMIT_LOC_STRINGS = NO;
				SWIFT_VERSION = 5.0;
				TARGETED_DEVICE_FAMILY = "1,2";
				TEST_TARGET_NAME = FitnessRoutineApp;
			};
			name = Debug;
		};
		692562FA2C92FB8E0002524D /* Release */ = {
			isa = XCBuildConfiguration;
			buildSettings = {
				ALWAYS_EMBED_SWIFT_STANDARD_LIBRARIES = YES;
				CODE_SIGN_STYLE = Automatic;
				CURRENT_PROJECT_VERSION = 1;
				DEVELOPMENT_TEAM = N72WWK779U;
				GENERATE_INFOPLIST_FILE = YES;
				MARKETING_VERSION = 1.0;
				PRODUCT_BUNDLE_IDENTIFIER = com.example.FitnessRoutineAppUITests;
				PRODUCT_NAME = "$(TARGET_NAME)";
				SWIFT_EMIT_LOC_STRINGS = NO;
				SWIFT_VERSION = 5.0;
				TARGETED_DEVICE_FAMILY = "1,2";
				TEST_TARGET_NAME = FitnessRoutineApp;
			};
			name = Release;
		};
/* End XCBuildConfiguration section */

/* Begin XCConfigurationList section */
		692562C42C92FB8D0002524D /* Build configuration list for PBXProject "FitnessRoutineApp" */ = {
			isa = XCConfigurationList;
			buildConfigurations = (
				692562F02C92FB8E0002524D /* Debug */,
				692562F12C92FB8E0002524D /* Release */,
			);
			defaultConfigurationIsVisible = 0;
			defaultConfigurationName = Release;
		};
		692562F22C92FB8E0002524D /* Build configuration list for PBXNativeTarget "FitnessRoutineApp" */ = {
			isa = XCConfigurationList;
			buildConfigurations = (
				692562F32C92FB8E0002524D /* Debug */,
				692562F42C92FB8E0002524D /* Release */,
			);
			defaultConfigurationIsVisible = 0;
			defaultConfigurationName = Release;
		};
		692562F52C92FB8E0002524D /* Build configuration list for PBXNativeTarget "FitnessRoutineAppTests" */ = {
			isa = XCConfigurationList;
			buildConfigurations = (
				692562F62C92FB8E0002524D /* Debug */,
				692562F72C92FB8E0002524D /* Release */,
			);
			defaultConfigurationIsVisible = 0;
			defaultConfigurationName = Release;
		};
		692562F82C92FB8E0002524D /* Build configuration list for PBXNativeTarget "FitnessRoutineAppUITests" */ = {
			isa = XCConfigurationList;
			buildConfigurations = (
				692562F92C92FB8E0002524D /* Debug */,
				692562FA2C92FB8E0002524D /* Release */,
			);
			defaultConfigurationIsVisible = 0;
			defaultConfigurationName = Release;
		};
/* End XCConfigurationList section */

/* Begin XCRemoteSwiftPackageReference section */
		69EB92402DA9959B001121A2 /* XCRemoteSwiftPackageReference "SDWebImageSwiftUI" */ = {
			isa = XCRemoteSwiftPackageReference;
			repositoryURL = "https://github.com/SDWebImage/SDWebImageSwiftUI";
			requirement = {
				kind = upToNextMajorVersion;
				minimumVersion = 3.1.3;
			};
		};
/* End XCRemoteSwiftPackageReference section */

/* Begin XCSwiftPackageProductDependency section */
		69EB92412DA9959B001121A2 /* SDWebImageSwiftUI */ = {
			isa = XCSwiftPackageProductDependency;
			package = 69EB92402DA9959B001121A2 /* XCRemoteSwiftPackageReference "SDWebImageSwiftUI" */;
			productName = SDWebImageSwiftUI;
		};
/* End XCSwiftPackageProductDependency section */

/* Begin XCVersionGroup section */
		694115232D5D001600D74C0D /* modelDataCore.xcdatamodeld */ = {
			isa = XCVersionGroup;
			children = (
				694115242D5D001600D74C0D /* modelDataCore.xcdatamodel */,
			);
			currentVersion = 694115242D5D001600D74C0D /* modelDataCore.xcdatamodel */;
			path = modelDataCore.xcdatamodeld;
			sourceTree = "<group>";
			versionGroupType = wrapper.xcdatamodel;
		};
/* End XCVersionGroup section */
	};
	rootObject = 692562C12C92FB8D0002524D /* Project object */;
}
